
Microsoft Visual Studio Solution File, Format Version 12.00
# Visual Studio Version 17
VisualStudioVersion = 17.7.34221.43
MinimumVisualStudioVersion = 10.0.40219.1
Project("{9A19103F-16F7-4668-BE54-9A1E7A4F7556}") = "GraphOrientations", "GraphOrientations\GraphOrientations.csproj", "{809FBF12-D1F8-4A0E-85F7-5A48F27A0AE9}"
EndProject
Project("{9A19103F-16F7-4668-BE54-9A1E7A4F7556}") = "GraphBase", "GraphBase\GraphBase.csproj", "{7999CC8F-8FD9-494B-A74C-2B0311E95BB5}"
EndProject
Project("{9A19103F-16F7-4668-BE54-9A1E7A4F7556}") = "GraphBaseTests", "GraphBaseTests\GraphBaseTests.csproj", "{22B3D9AC-2561-437A-9A16-61E39315DAAB}"
EndProject
Project("{9A19103F-16F7-4668-BE54-9A1E7A4F7556}") = "Точка входа", "Точка входа\Точка входа.csproj", "{9C9A8617-5A3F-4AAF-A8CE-104C89E19E32}"
EndProject
Project("{FAE04EC0-301F-11D3-BF4B-00C04F79EFBC}") = "Точка входа - Оконное приложение  WPF", "Точка входа - Оконное приложение  WPF\Точка входа - Оконное приложение  WPF.csproj", "{9FCFCDC1-6CFE-4C5F-A715-87C01E40CD4D}"
EndProject
Project("{FAE04EC0-301F-11D3-BF4B-00C04F79EFBC}") = "Custom Controls WPF", "Custom Controls WPF\Custom Controls WPF.csproj", "{CECDF44D-9DEB-4A2C-837C-234A867D03A2}"
EndProject
Project("{FAE04EC0-301F-11D3-BF4B-00C04F79EFBC}") = "GraphBaseNet", "GraphBaseNet\GraphBaseNet.csproj", "{584DDE93-81F7-4AA1-B512-67AA3F70F9E7}"
EndProject
Global
	GlobalSection(SolutionConfigurationPlatforms) = preSolution
		Debug|Any CPU = Debug|Any CPU
		Release|Any CPU = Release|Any CPU
	EndGlobalSection
	GlobalSection(ProjectConfigurationPlatforms) = postSolution
		{809FBF12-D1F8-4A0E-85F7-5A48F27A0AE9}.Debug|Any CPU.ActiveCfg = Debug|Any CPU
		{809FBF12-D1F8-4A0E-85F7-5A48F27A0AE9}.Debug|Any CPU.Build.0 = Debug|Any CPU
		{809FBF12-D1F8-4A0E-85F7-5A48F27A0AE9}.Release|Any CPU.ActiveCfg = Release|Any CPU
		{809FBF12-D1F8-4A0E-85F7-5A48F27A0AE9}.Release|Any CPU.Build.0 = Release|Any CPU
		{7999CC8F-8FD9-494B-A74C-2B0311E95BB5}.Debug|Any CPU.ActiveCfg = Debug|Any CPU
		{7999CC8F-8FD9-494B-A74C-2B0311E95BB5}.Debug|Any CPU.Build.0 = Debug|Any CPU
		{7999CC8F-8FD9-494B-A74C-2B0311E95BB5}.Release|Any CPU.ActiveCfg = Release|Any CPU
		{7999CC8F-8FD9-494B-A74C-2B0311E95BB5}.Release|Any CPU.Build.0 = Release|Any CPU
		{22B3D9AC-2561-437A-9A16-61E39315DAAB}.Debug|Any CPU.ActiveCfg = Debug|Any CPU
		{22B3D9AC-2561-437A-9A16-61E39315DAAB}.Debug|Any CPU.Build.0 = Debug|Any CPU
		{22B3D9AC-2561-437A-9A16-61E39315DAAB}.Release|Any CPU.ActiveCfg = Release|Any CPU
		{22B3D9AC-2561-437A-9A16-61E39315DAAB}.Release|Any CPU.Build.0 = Release|Any CPU
		{9C9A8617-5A3F-4AAF-A8CE-104C89E19E32}.Debug|Any CPU.ActiveCfg = Debug|Any CPU
		{9C9A8617-5A3F-4AAF-A8CE-104C89E19E32}.Debug|Any CPU.Build.0 = Debug|Any CPU
		{9C9A8617-5A3F-4AAF-A8CE-104C89E19E32}.Release|Any CPU.ActiveCfg = Release|Any CPU
		{9C9A8617-5A3F-4AAF-A8CE-104C89E19E32}.Release|Any CPU.Build.0 = Release|Any CPU
		{9FCFCDC1-6CFE-4C5F-A715-87C01E40CD4D}.Debug|Any CPU.ActiveCfg = Debug|Any CPU
		{9FCFCDC1-6CFE-4C5F-A715-87C01E40CD4D}.Debug|Any CPU.Build.0 = Debug|Any CPU
		{9FCFCDC1-6CFE-4C5F-A715-87C01E40CD4D}.Release|Any CPU.ActiveCfg = Release|Any CPU
		{9FCFCDC1-6CFE-4C5F-A715-87C01E40CD4D}.Release|Any CPU.Build.0 = Release|Any CPU
		{CECDF44D-9DEB-4A2C-837C-234A867D03A2}.Debug|Any CPU.ActiveCfg = Debug|Any CPU
		{CECDF44D-9DEB-4A2C-837C-234A867D03A2}.Debug|Any CPU.Build.0 = Debug|Any CPU
		{CECDF44D-9DEB-4A2C-837C-234A867D03A2}.Release|Any CPU.ActiveCfg = Release|Any CPU
		{CECDF44D-9DEB-4A2C-837C-234A867D03A2}.Release|Any CPU.Build.0 = Release|Any CPU
		{584DDE93-81F7-4AA1-B512-67AA3F70F9E7}.Debug|Any CPU.ActiveCfg = Debug|Any CPU
		{584DDE93-81F7-4AA1-B512-67AA3F70F9E7}.Debug|Any CPU.Build.0 = Debug|Any CPU
		{584DDE93-81F7-4AA1-B512-67AA3F70F9E7}.Release|Any CPU.ActiveCfg = Release|Any CPU
		{584DDE93-81F7-4AA1-B512-67AA3F70F9E7}.Release|Any CPU.Build.0 = Release|Any CPU
	EndGlobalSection
	GlobalSection(SolutionProperties) = preSolution
		HideSolutionNode = FALSE
	EndGlobalSection
	GlobalSection(ExtensibilityGlobals) = postSolution
		SolutionGuid = {76DF91C6-3488-40F1-A60A-C41C96568EBA}
	EndGlobalSection
EndGlobal
